<?xml version="1.0" encoding="utf-8"?>
<Project ToolsVersion="4.0" xmlns="http://schemas.microsoft.com/developer/msbuild/2003">
  <ItemGroup>
    <Filter Include="소스 파일">
      <UniqueIdentifier>{4FC737F1-C7A5-4376-A066-2A32D752A2FF}</UniqueIdentifier>
      <Extensions>cpp;c;cc;cxx;def;odl;idl;hpj;bat;asm;asmx</Extensions>
    </Filter>
    <Filter Include="헤더 파일">
      <UniqueIdentifier>{93995380-89BD-4b04-88EB-625FBE52EBFB}</UniqueIdentifier>
      <Extensions>h;hh;hpp;hxx;hm;inl;inc;ipp;xsd</Extensions>
    </Filter>
    <Filter Include="리소스 파일">
      <UniqueIdentifier>{67DA6AB6-F800-4c08-8B7A-83BB121AAD01}</UniqueIdentifier>
      <Extensions>rc;ico;cur;bmp;dlg;rc2;rct;bin;rgs;gif;jpg;jpeg;jpe;resx;tiff;tif;png;wav;mfcribbon-ms</Extensions>
    </Filter>
    <Filter Include="소스 파일\Ch1">
      <UniqueIdentifier>{d939ef8b-8854-454f-9648-4f5dfad69175}</UniqueIdentifier>
    </Filter>
    <Filter Include="소스 파일\Ch2">
      <UniqueIdentifier>{a610821d-88b0-4445-837c-a7d7ccfcca18}</UniqueIdentifier>
    </Filter>
    <Filter Include="소스 파일\Ch3">
      <UniqueIdentifier>{7879d097-f9a3-4ca0-b46c-d76188bc1847}</UniqueIdentifier>
    </Filter>
    <Filter Include="소스 파일\Ch4">
      <UniqueIdentifier>{d4f9e79f-2111-42eb-b7de-209714e2f3bd}</UniqueIdentifier>
    </Filter>
    <Filter Include="소스 파일\Ch5">
      <UniqueIdentifier>{1d36b4d5-543e-4ee5-b08b-1e98266788fe}</UniqueIdentifier>
    </Filter>
    <Filter Include="소스 파일\Ch6">
      <UniqueIdentifier>{963e9632-836e-4534-aeb7-1103851790e6}</UniqueIdentifier>
    </Filter>
    <Filter Include="소스 파일\Ch7">
      <UniqueIdentifier>{dabb6c19-bb48-495a-a4b5-403f39a9774b}</UniqueIdentifier>
    </Filter>
    <Filter Include="소스 파일\Ch8">
      <UniqueIdentifier>{d3711b32-667a-4bcf-a816-997fb898fd67}</UniqueIdentifier>
    </Filter>
    <Filter Include="소스 파일\Ch9">
      <UniqueIdentifier>{3f1fa64e-27b2-4684-b41b-364b5df83bba}</UniqueIdentifier>
    </Filter>
  </ItemGroup>
  <ItemGroup>
    <ClCompile Include="0305_1.cpp">
      <Filter>소스 파일\Ch1</Filter>
    </ClCompile>
    <ClCompile Include="0305_2.cpp">
      <Filter>소스 파일\Ch1</Filter>
    </ClCompile>
    <ClCompile Include="0308.cpp">
      <Filter>소스 파일\Ch1</Filter>
    </ClCompile>
    <ClCompile Include="0308_2.cpp">
      <Filter>소스 파일\Ch1</Filter>
    </ClCompile>
    <ClCompile Include="0311_1.cpp">
      <Filter>소스 파일\Ch2</Filter>
    </ClCompile>
    <ClCompile Include="0311_2.cpp">
      <Filter>소스 파일\Ch2</Filter>
    </ClCompile>
    <ClCompile Include="0312_1.cpp">
      <Filter>소스 파일\Ch2</Filter>
    </ClCompile>
    <ClCompile Include="연습 문제_1.cpp">
      <Filter>소스 파일\Ch1</Filter>
    </ClCompile>
    <ClCompile Include="연습 문제_2.cpp">
      <Filter>소스 파일\Ch2</Filter>
    </ClCompile>
    <ClCompile Include="0318_1.cpp">
      <Filter>소스 파일\Ch3</Filter>
    </ClCompile>
    <ClCompile Include="0319_1.cpp">
      <Filter>소스 파일\Ch3</Filter>
    </ClCompile>
    <ClCompile Include="0319_2.cpp">
      <Filter>소스 파일\Ch3</Filter>
    </ClCompile>
    <ClCompile Include="0322_1.cpp">
      <Filter>소스 파일\Ch3</Filter>
    </ClCompile>
    <ClCompile Include="클래스_예제.cpp">
      <Filter>소스 파일\Ch3</Filter>
    </ClCompile>
    <ClCompile Include="0329_1.cpp">
      <Filter>소스 파일\Ch4</Filter>
    </ClCompile>
    <ClCompile Include="0329_2.cpp">
      <Filter>소스 파일\Ch4</Filter>
    </ClCompile>
    <ClCompile Include="0402_1.cpp">
      <Filter>소스 파일\Ch4</Filter>
    </ClCompile>
    <ClCompile Include="0402_2.cpp">
      <Filter>소스 파일\Ch4</Filter>
    </ClCompile>
    <ClCompile Include="0405_1.cpp">
      <Filter>소스 파일\Ch4</Filter>
    </ClCompile>
    <ClCompile Include="연습문제_3.cpp">
      <Filter>소스 파일\Ch3</Filter>
    </ClCompile>
    <ClCompile Include="0408_1.cpp">
      <Filter>소스 파일\Ch5</Filter>
    </ClCompile>
    <ClCompile Include="0409_1.cpp">
      <Filter>소스 파일\Ch5</Filter>
    </ClCompile>
    <ClCompile Include="0415_1.cpp">
      <Filter>소스 파일\Ch5</Filter>
    </ClCompile>
    <ClCompile Include="0415_2.cpp">
      <Filter>소스 파일\Ch5</Filter>
    </ClCompile>
    <ClCompile Include="0416_1.cpp">
      <Filter>소스 파일\Ch6</Filter>
    </ClCompile>
    <ClCompile Include="0419_1.cpp">
      <Filter>소스 파일\Ch7</Filter>
    </ClCompile>
    <ClCompile Include="0422_1.cpp">
      <Filter>소스 파일\Ch7</Filter>
    </ClCompile>
    <ClCompile Include="0422_2.cpp">
      <Filter>소스 파일\Ch7</Filter>
    </ClCompile>
    <ClCompile Include="0423_1.cpp">
      <Filter>소스 파일\Ch7</Filter>
    </ClCompile>
    <ClCompile Include="0429_1.cpp">
      <Filter>소스 파일\Ch7</Filter>
    </ClCompile>
    <ClCompile Include="0430_1.cpp">
      <Filter>소스 파일\Ch7</Filter>
    </ClCompile>
    <ClCompile Include="0520_1.cpp">
      <Filter>소스 파일\Ch8</Filter>
    </ClCompile>
    <ClCompile Include="0617_1.cpp">
      <Filter>소스 파일\Ch9</Filter>
    </ClCompile>
    <ClCompile Include="0617_2.cpp">
      <Filter>소스 파일\Ch9</Filter>
    </ClCompile>
  </ItemGroup>
</Project>